
Microsoft Visual Studio Solution File, Format Version 12.00
# Visual Studio Version 17
VisualStudioVersion = 17.5.002.0
MinimumVisualStudioVersion = 10.0.40219.1
Project("{9A19103F-16F7-4668-BE54-9A1E7A4F7556}") = "TuplesAndBasics", "TuplesAndBasics.csproj", "{77E89970-9F50-4435-8AD7-A7F9E14165FC}"
EndProject
Global
	GlobalSection(SolutionConfigurationPlatforms) = preSolution
		Debug|Any CPU = Debug|Any CPU
		Release|Any CPU = Release|Any CPU
	EndGlobalSection
	GlobalSection(ProjectConfigurationPlatforms) = postSolution
		{77E89970-9F50-4435-8AD7-A7F9E14165FC}.Debug|Any CPU.ActiveCfg = Debug|Any CPU
		{77E89970-9F50-4435-8AD7-A7F9E14165FC}.Debug|Any CPU.Build.0 = Debug|Any CPU
		{77E89970-9F50-4435-8AD7-A7F9E14165FC}.Release|Any CPU.ActiveCfg = Release|Any CPU
		{77E89970-9F50-4435-8AD7-A7F9E14165FC}.Release|Any CPU.Build.0 = Release|Any CPU
	EndGlobalSection
	GlobalSection(SolutionProperties) = preSolution
		HideSolutionNode = FALSE
	EndGlobalSection
	GlobalSection(ExtensibilityGlobals) = postSolution
		SolutionGuid = {BDFC79F5-B09A-4477-A878-830A61335D97}
	EndGlobalSection
EndGlobal
