
Microsoft Visual Studio Solution File, Format Version 12.00
# Visual Studio Version 17
VisualStudioVersion = 17.0.31903.59
MinimumVisualStudioVersion = 10.0.40219.1
Project("{FAE04EC0-301F-11D3-BF4B-00C04F79EFBC}") = "Polynomial", "Polynomial\Polynomial.csproj", "{2A0DB7DD-1B53-4FAC-9109-AEA981960988}"
EndProject
Project("{FAE04EC0-301F-11D3-BF4B-00C04F79EFBC}") = "Polynomial_MVC", "Polynomial_MVC\Polynomial_MVC.csproj", "{8DA50E31-2997-4A87-8D9F-C08E69234CAF}"
EndProject
Project("{FAE04EC0-301F-11D3-BF4B-00C04F79EFBC}") = "Sorting Reflections", "Sorting Reflections\Sorting Reflections.csproj", "{0425CB88-1FB0-40FD-BCFB-C6C0B6AFB0B7}"
EndProject
Project("{2150E333-8FDC-42A3-9474-1A3956D46DE8}") = "SortingReflections", "SortingReflections", "{F1ED617C-E660-4C6F-92DC-E0060173D722}"
EndProject
Project("{FAE04EC0-301F-11D3-BF4B-00C04F79EFBC}") = "SolutionSR", "SortingReflections\SolutionSR\SolutionSR.csproj", "{84ED2477-960C-4E1E-9916-87461D1959A6}"
EndProject
Project("{FAE04EC0-301F-11D3-BF4B-00C04F79EFBC}") = "RazerApp", "RazerApp\RazerApp.csproj", "{B8673873-921D-4742-A0AA-6ED7B61A18C5}"
EndProject
Global
	GlobalSection(SolutionConfigurationPlatforms) = preSolution
		Debug|Any CPU = Debug|Any CPU
		Release|Any CPU = Release|Any CPU
	EndGlobalSection
	GlobalSection(SolutionProperties) = preSolution
		HideSolutionNode = FALSE
	EndGlobalSection
	GlobalSection(ProjectConfigurationPlatforms) = postSolution
		{2A0DB7DD-1B53-4FAC-9109-AEA981960988}.Debug|Any CPU.ActiveCfg = Debug|Any CPU
		{2A0DB7DD-1B53-4FAC-9109-AEA981960988}.Debug|Any CPU.Build.0 = Debug|Any CPU
		{2A0DB7DD-1B53-4FAC-9109-AEA981960988}.Release|Any CPU.ActiveCfg = Release|Any CPU
		{2A0DB7DD-1B53-4FAC-9109-AEA981960988}.Release|Any CPU.Build.0 = Release|Any CPU
		{8DA50E31-2997-4A87-8D9F-C08E69234CAF}.Debug|Any CPU.ActiveCfg = Debug|Any CPU
		{8DA50E31-2997-4A87-8D9F-C08E69234CAF}.Debug|Any CPU.Build.0 = Debug|Any CPU
		{8DA50E31-2997-4A87-8D9F-C08E69234CAF}.Release|Any CPU.ActiveCfg = Release|Any CPU
		{8DA50E31-2997-4A87-8D9F-C08E69234CAF}.Release|Any CPU.Build.0 = Release|Any CPU
		{0425CB88-1FB0-40FD-BCFB-C6C0B6AFB0B7}.Debug|Any CPU.ActiveCfg = Debug|Any CPU
		{0425CB88-1FB0-40FD-BCFB-C6C0B6AFB0B7}.Debug|Any CPU.Build.0 = Debug|Any CPU
		{0425CB88-1FB0-40FD-BCFB-C6C0B6AFB0B7}.Release|Any CPU.ActiveCfg = Release|Any CPU
		{0425CB88-1FB0-40FD-BCFB-C6C0B6AFB0B7}.Release|Any CPU.Build.0 = Release|Any CPU
		{84ED2477-960C-4E1E-9916-87461D1959A6}.Debug|Any CPU.ActiveCfg = Debug|Any CPU
		{84ED2477-960C-4E1E-9916-87461D1959A6}.Debug|Any CPU.Build.0 = Debug|Any CPU
		{84ED2477-960C-4E1E-9916-87461D1959A6}.Release|Any CPU.ActiveCfg = Release|Any CPU
		{84ED2477-960C-4E1E-9916-87461D1959A6}.Release|Any CPU.Build.0 = Release|Any CPU
		{B8673873-921D-4742-A0AA-6ED7B61A18C5}.Debug|Any CPU.ActiveCfg = Debug|Any CPU
		{B8673873-921D-4742-A0AA-6ED7B61A18C5}.Debug|Any CPU.Build.0 = Debug|Any CPU
		{B8673873-921D-4742-A0AA-6ED7B61A18C5}.Release|Any CPU.ActiveCfg = Release|Any CPU
		{B8673873-921D-4742-A0AA-6ED7B61A18C5}.Release|Any CPU.Build.0 = Release|Any CPU
	EndGlobalSection
	GlobalSection(NestedProjects) = preSolution
		{84ED2477-960C-4E1E-9916-87461D1959A6} = {F1ED617C-E660-4C6F-92DC-E0060173D722}
	EndGlobalSection
EndGlobal
