
Microsoft Visual Studio Solution File, Format Version 12.00
# Visual Studio Version 17
VisualStudioVersion = 17.0.31903.59
MinimumVisualStudioVersion = 10.0.40219.1
Project("{FAE04EC0-301F-11D3-BF4B-00C04F79EFBC}") = "Polynomial", "Polynomial\Polynomial.csproj", "{2A0DB7DD-1B53-4FAC-9109-AEA981960988}"
EndProject
Project("{FAE04EC0-301F-11D3-BF4B-00C04F79EFBC}") = "Polynomial_MVC", "Polynomial_MVC\Polynomial_MVC.csproj", "{8DA50E31-2997-4A87-8D9F-C08E69234CAF}"
EndProject
Project("{FAE04EC0-301F-11D3-BF4B-00C04F79EFBC}") = "Sorting Reflections", "Sorting Reflections\Sorting Reflections.csproj", "{0425CB88-1FB0-40FD-BCFB-C6C0B6AFB0B7}"
EndProject
Global
	GlobalSection(SolutionConfigurationPlatforms) = preSolution
		Debug|Any CPU = Debug|Any CPU
		Release|Any CPU = Release|Any CPU
	EndGlobalSection
	GlobalSection(SolutionProperties) = preSolution
		HideSolutionNode = FALSE
	EndGlobalSection
	GlobalSection(ProjectConfigurationPlatforms) = postSolution
		{2A0DB7DD-1B53-4FAC-9109-AEA981960988}.Debug|Any CPU.ActiveCfg = Debug|Any CPU
		{2A0DB7DD-1B53-4FAC-9109-AEA981960988}.Debug|Any CPU.Build.0 = Debug|Any CPU
		{2A0DB7DD-1B53-4FAC-9109-AEA981960988}.Release|Any CPU.ActiveCfg = Release|Any CPU
		{2A0DB7DD-1B53-4FAC-9109-AEA981960988}.Release|Any CPU.Build.0 = Release|Any CPU
		{8DA50E31-2997-4A87-8D9F-C08E69234CAF}.Debug|Any CPU.ActiveCfg = Debug|Any CPU
		{8DA50E31-2997-4A87-8D9F-C08E69234CAF}.Debug|Any CPU.Build.0 = Debug|Any CPU
		{8DA50E31-2997-4A87-8D9F-C08E69234CAF}.Release|Any CPU.ActiveCfg = Release|Any CPU
		{8DA50E31-2997-4A87-8D9F-C08E69234CAF}.Release|Any CPU.Build.0 = Release|Any CPU
		{0425CB88-1FB0-40FD-BCFB-C6C0B6AFB0B7}.Debug|Any CPU.ActiveCfg = Debug|Any CPU
		{0425CB88-1FB0-40FD-BCFB-C6C0B6AFB0B7}.Debug|Any CPU.Build.0 = Debug|Any CPU
		{0425CB88-1FB0-40FD-BCFB-C6C0B6AFB0B7}.Release|Any CPU.ActiveCfg = Release|Any CPU
		{0425CB88-1FB0-40FD-BCFB-C6C0B6AFB0B7}.Release|Any CPU.Build.0 = Release|Any CPU
	EndGlobalSection
EndGlobal
