
Microsoft Visual Studio Solution File, Format Version 12.00
# Visual Studio Version 17
VisualStudioVersion = 17.7.34031.279
MinimumVisualStudioVersion = 10.0.40219.1
Project("{FAE04EC0-301F-11D3-BF4B-00C04F79EFBC}") = "Lista5", "Lista5\Lista5.csproj", "{B9954B9F-6A37-44F4-9301-5DDC7A340CF2}"
EndProject
Global
	GlobalSection(SolutionConfigurationPlatforms) = preSolution
		Debug|Any CPU = Debug|Any CPU
		Release|Any CPU = Release|Any CPU
	EndGlobalSection
	GlobalSection(ProjectConfigurationPlatforms) = postSolution
		{B9954B9F-6A37-44F4-9301-5DDC7A340CF2}.Debug|Any CPU.ActiveCfg = Debug|Any CPU
		{B9954B9F-6A37-44F4-9301-5DDC7A340CF2}.Debug|Any CPU.Build.0 = Debug|Any CPU
		{B9954B9F-6A37-44F4-9301-5DDC7A340CF2}.Release|Any CPU.ActiveCfg = Release|Any CPU
		{B9954B9F-6A37-44F4-9301-5DDC7A340CF2}.Release|Any CPU.Build.0 = Release|Any CPU
	EndGlobalSection
	GlobalSection(SolutionProperties) = preSolution
		HideSolutionNode = FALSE
	EndGlobalSection
	GlobalSection(ExtensibilityGlobals) = postSolution
		SolutionGuid = {E05401DA-8956-4DA7-B561-863760B178C1}
	EndGlobalSection
EndGlobal
